
Microsoft Visual Studio Solution File, Format Version 12.00
# Visual Studio Version 17
VisualStudioVersion = 17.5.33530.505
MinimumVisualStudioVersion = 10.0.40219.1
Project("{9A19103F-16F7-4668-BE54-9A1E7A4F7556}") = "Hydra.Web", "Hydra.Web\Hydra.Web.csproj", "{D2A08361-8EDB-4D05-8D4F-61548BA5F7C0}"
EndProject
Project("{2150E333-8FDC-42A3-9474-1A3956D46DE8}") = "Modules", "Modules", "{AFE0A57A-22F6-4B6E-8E5D-1C914EBDDD38}"
EndProject
Project("{2150E333-8FDC-42A3-9474-1A3956D46DE8}") = "Auth", "Auth", "{06168607-8F94-4CE8-B049-0BC5414BFD73}"
EndProject
Project("{9A19103F-16F7-4668-BE54-9A1E7A4F7556}") = "Hydra.Auth.Api", "Hydra.Auth.Api\Hydra.Auth.Api.csproj", "{172CE3CE-DEA8-4063-93A9-9B5F09D619E1}"
EndProject
Project("{9A19103F-16F7-4668-BE54-9A1E7A4F7556}") = "Hydra.Infrastructure", "Hydra.Infrastructure\Hydra.Infrastructure.csproj", "{33B51B73-03A1-455F-B239-2ADB9CB6C772}"
EndProject
Project("{2150E333-8FDC-42A3-9474-1A3956D46DE8}") = "Cms", "Cms", "{5182288A-644A-4588-9450-8C68EE285912}"
EndProject
Project("{FAE04EC0-301F-11D3-BF4B-00C04F79EFBC}") = "Hydra.Cms.Api", "Hydra.Cms.Api\Hydra.Cms.Api.csproj", "{730D1148-6F62-47C0-BBA1-04911235B7A8}"
EndProject
Project("{FAE04EC0-301F-11D3-BF4B-00C04F79EFBC}") = "Hydra.Cms.Core", "Hydra.Cms.Core\Hydra.Cms.Core.csproj", "{6ED85CEB-5795-402A-9E24-ABAD59975A87}"
EndProject
Project("{2150E333-8FDC-42A3-9474-1A3956D46DE8}") = "Crm", "Crm", "{1D93E5B2-F854-405F-ADD8-EAF346F76F76}"
EndProject
Project("{FAE04EC0-301F-11D3-BF4B-00C04F79EFBC}") = "Hydra.Crm.Api", "Hydra.Crm.Api\Hydra.Crm.Api.csproj", "{1F6F4F3F-6D0A-40F9-9ECB-6ABE8783CB76}"
EndProject
Project("{FAE04EC0-301F-11D3-BF4B-00C04F79EFBC}") = "Hydra.Crm.Core", "Hydra.Crm.Core\Hydra.Crm.Core.csproj", "{B85ED871-D237-4ADC-BFAB-E5B3DDA68804}"
EndProject
Project("{2150E333-8FDC-42A3-9474-1A3956D46DE8}") = "FileStorage", "FileStorage", "{B9A9EE1E-11AA-4388-8819-E49A2A7967B2}"
EndProject
Project("{FAE04EC0-301F-11D3-BF4B-00C04F79EFBC}") = "Hydra.FileStorage.Api", "Hydra.FileStorage.Api\Hydra.FileStorage.Api.csproj", "{E96701AC-A89C-415B-996C-31F8896B90EA}"
EndProject
Project("{FAE04EC0-301F-11D3-BF4B-00C04F79EFBC}") = "Hydra.FileStorage.Core", "Hydra.FileStorage.Core\Hydra.FileStorage.Core.csproj", "{DB4DBFCD-5C70-4B6A-9EAE-B70A55C45D2A}"
EndProject
Project("{2150E333-8FDC-42A3-9474-1A3956D46DE8}") = "Sale", "Sale", "{A061991D-E459-424A-9A3A-7485F55F2DC3}"
EndProject
Project("{FAE04EC0-301F-11D3-BF4B-00C04F79EFBC}") = "Hydra.Sale.Api", "Hydra.Sale.Api\Hydra.Sale.Api.csproj", "{E2BB9A00-983B-4E9B-83EC-E4B4AC5B22B5}"
EndProject
Project("{FAE04EC0-301F-11D3-BF4B-00C04F79EFBC}") = "Hydra.Sale.Core", "Hydra.Sale.Core\Hydra.Sale.Core.csproj", "{9FF57D24-B63E-4A70-986A-C125F54E6C2E}"
EndProject
Global
	GlobalSection(SolutionConfigurationPlatforms) = preSolution
		Debug|Any CPU = Debug|Any CPU
		Release|Any CPU = Release|Any CPU
	EndGlobalSection
	GlobalSection(ProjectConfigurationPlatforms) = postSolution
		{D2A08361-8EDB-4D05-8D4F-61548BA5F7C0}.Debug|Any CPU.ActiveCfg = Debug|Any CPU
		{D2A08361-8EDB-4D05-8D4F-61548BA5F7C0}.Debug|Any CPU.Build.0 = Debug|Any CPU
		{D2A08361-8EDB-4D05-8D4F-61548BA5F7C0}.Release|Any CPU.ActiveCfg = Release|Any CPU
		{D2A08361-8EDB-4D05-8D4F-61548BA5F7C0}.Release|Any CPU.Build.0 = Release|Any CPU
		{172CE3CE-DEA8-4063-93A9-9B5F09D619E1}.Debug|Any CPU.ActiveCfg = Debug|Any CPU
		{172CE3CE-DEA8-4063-93A9-9B5F09D619E1}.Debug|Any CPU.Build.0 = Debug|Any CPU
		{172CE3CE-DEA8-4063-93A9-9B5F09D619E1}.Release|Any CPU.ActiveCfg = Release|Any CPU
		{172CE3CE-DEA8-4063-93A9-9B5F09D619E1}.Release|Any CPU.Build.0 = Release|Any CPU
		{33B51B73-03A1-455F-B239-2ADB9CB6C772}.Debug|Any CPU.ActiveCfg = Debug|Any CPU
		{33B51B73-03A1-455F-B239-2ADB9CB6C772}.Debug|Any CPU.Build.0 = Debug|Any CPU
		{33B51B73-03A1-455F-B239-2ADB9CB6C772}.Release|Any CPU.ActiveCfg = Release|Any CPU
		{33B51B73-03A1-455F-B239-2ADB9CB6C772}.Release|Any CPU.Build.0 = Release|Any CPU
		{730D1148-6F62-47C0-BBA1-04911235B7A8}.Debug|Any CPU.ActiveCfg = Debug|Any CPU
		{730D1148-6F62-47C0-BBA1-04911235B7A8}.Debug|Any CPU.Build.0 = Debug|Any CPU
		{730D1148-6F62-47C0-BBA1-04911235B7A8}.Release|Any CPU.ActiveCfg = Release|Any CPU
		{730D1148-6F62-47C0-BBA1-04911235B7A8}.Release|Any CPU.Build.0 = Release|Any CPU
		{6ED85CEB-5795-402A-9E24-ABAD59975A87}.Debug|Any CPU.ActiveCfg = Debug|Any CPU
		{6ED85CEB-5795-402A-9E24-ABAD59975A87}.Debug|Any CPU.Build.0 = Debug|Any CPU
		{6ED85CEB-5795-402A-9E24-ABAD59975A87}.Release|Any CPU.ActiveCfg = Release|Any CPU
		{6ED85CEB-5795-402A-9E24-ABAD59975A87}.Release|Any CPU.Build.0 = Release|Any CPU
		{1F6F4F3F-6D0A-40F9-9ECB-6ABE8783CB76}.Debug|Any CPU.ActiveCfg = Debug|Any CPU
		{1F6F4F3F-6D0A-40F9-9ECB-6ABE8783CB76}.Debug|Any CPU.Build.0 = Debug|Any CPU
		{1F6F4F3F-6D0A-40F9-9ECB-6ABE8783CB76}.Release|Any CPU.ActiveCfg = Release|Any CPU
		{1F6F4F3F-6D0A-40F9-9ECB-6ABE8783CB76}.Release|Any CPU.Build.0 = Release|Any CPU
		{B85ED871-D237-4ADC-BFAB-E5B3DDA68804}.Debug|Any CPU.ActiveCfg = Debug|Any CPU
		{B85ED871-D237-4ADC-BFAB-E5B3DDA68804}.Debug|Any CPU.Build.0 = Debug|Any CPU
		{B85ED871-D237-4ADC-BFAB-E5B3DDA68804}.Release|Any CPU.ActiveCfg = Release|Any CPU
		{B85ED871-D237-4ADC-BFAB-E5B3DDA68804}.Release|Any CPU.Build.0 = Release|Any CPU
		{E96701AC-A89C-415B-996C-31F8896B90EA}.Debug|Any CPU.ActiveCfg = Debug|Any CPU
		{E96701AC-A89C-415B-996C-31F8896B90EA}.Debug|Any CPU.Build.0 = Debug|Any CPU
		{E96701AC-A89C-415B-996C-31F8896B90EA}.Release|Any CPU.ActiveCfg = Release|Any CPU
		{E96701AC-A89C-415B-996C-31F8896B90EA}.Release|Any CPU.Build.0 = Release|Any CPU
		{DB4DBFCD-5C70-4B6A-9EAE-B70A55C45D2A}.Debug|Any CPU.ActiveCfg = Debug|Any CPU
		{DB4DBFCD-5C70-4B6A-9EAE-B70A55C45D2A}.Debug|Any CPU.Build.0 = Debug|Any CPU
		{DB4DBFCD-5C70-4B6A-9EAE-B70A55C45D2A}.Release|Any CPU.ActiveCfg = Release|Any CPU
		{DB4DBFCD-5C70-4B6A-9EAE-B70A55C45D2A}.Release|Any CPU.Build.0 = Release|Any CPU
		{E2BB9A00-983B-4E9B-83EC-E4B4AC5B22B5}.Debug|Any CPU.ActiveCfg = Debug|Any CPU
		{E2BB9A00-983B-4E9B-83EC-E4B4AC5B22B5}.Debug|Any CPU.Build.0 = Debug|Any CPU
		{E2BB9A00-983B-4E9B-83EC-E4B4AC5B22B5}.Release|Any CPU.ActiveCfg = Release|Any CPU
		{E2BB9A00-983B-4E9B-83EC-E4B4AC5B22B5}.Release|Any CPU.Build.0 = Release|Any CPU
		{9FF57D24-B63E-4A70-986A-C125F54E6C2E}.Debug|Any CPU.ActiveCfg = Debug|Any CPU
		{9FF57D24-B63E-4A70-986A-C125F54E6C2E}.Debug|Any CPU.Build.0 = Debug|Any CPU
		{9FF57D24-B63E-4A70-986A-C125F54E6C2E}.Release|Any CPU.ActiveCfg = Release|Any CPU
		{9FF57D24-B63E-4A70-986A-C125F54E6C2E}.Release|Any CPU.Build.0 = Release|Any CPU
	EndGlobalSection
	GlobalSection(SolutionProperties) = preSolution
		HideSolutionNode = FALSE
	EndGlobalSection
	GlobalSection(NestedProjects) = preSolution
		{06168607-8F94-4CE8-B049-0BC5414BFD73} = {AFE0A57A-22F6-4B6E-8E5D-1C914EBDDD38}
		{172CE3CE-DEA8-4063-93A9-9B5F09D619E1} = {06168607-8F94-4CE8-B049-0BC5414BFD73}
		{5182288A-644A-4588-9450-8C68EE285912} = {AFE0A57A-22F6-4B6E-8E5D-1C914EBDDD38}
		{730D1148-6F62-47C0-BBA1-04911235B7A8} = {5182288A-644A-4588-9450-8C68EE285912}
		{6ED85CEB-5795-402A-9E24-ABAD59975A87} = {5182288A-644A-4588-9450-8C68EE285912}
		{1D93E5B2-F854-405F-ADD8-EAF346F76F76} = {AFE0A57A-22F6-4B6E-8E5D-1C914EBDDD38}
		{1F6F4F3F-6D0A-40F9-9ECB-6ABE8783CB76} = {1D93E5B2-F854-405F-ADD8-EAF346F76F76}
		{B85ED871-D237-4ADC-BFAB-E5B3DDA68804} = {1D93E5B2-F854-405F-ADD8-EAF346F76F76}
		{B9A9EE1E-11AA-4388-8819-E49A2A7967B2} = {AFE0A57A-22F6-4B6E-8E5D-1C914EBDDD38}
		{E96701AC-A89C-415B-996C-31F8896B90EA} = {B9A9EE1E-11AA-4388-8819-E49A2A7967B2}
		{DB4DBFCD-5C70-4B6A-9EAE-B70A55C45D2A} = {B9A9EE1E-11AA-4388-8819-E49A2A7967B2}
		{A061991D-E459-424A-9A3A-7485F55F2DC3} = {AFE0A57A-22F6-4B6E-8E5D-1C914EBDDD38}
		{E2BB9A00-983B-4E9B-83EC-E4B4AC5B22B5} = {A061991D-E459-424A-9A3A-7485F55F2DC3}
		{9FF57D24-B63E-4A70-986A-C125F54E6C2E} = {A061991D-E459-424A-9A3A-7485F55F2DC3}
	EndGlobalSection
	GlobalSection(ExtensibilityGlobals) = postSolution
		SolutionGuid = {16CE7CE8-8EDC-4ABD-B95D-8FADDE0524E1}
	EndGlobalSection
EndGlobal
